
Microsoft Visual Studio Solution File, Format Version 12.00
# Visual Studio 15
VisualStudioVersion = 15.0.27703.2000
MinimumVisualStudioVersion = 10.0.40219.1
Project("{FAE04EC0-301F-11D3-BF4B-00C04F79EFBC}") = "minesweeper", "minesweeper\minesweeper.csproj", "{BEE1538D-3939-49D1-8264-631F17288151}"
EndProject
Project("{FAE04EC0-301F-11D3-BF4B-00C04F79EFBC}") = "MinesweeperTest", "Tests\MinesweeperTest.csproj", "{AC0DC7B5-9C22-4EA6-B3CA-55B065DF6A15}"
EndProject
Global
	GlobalSection(SolutionConfigurationPlatforms) = preSolution
		Debug|Any CPU = Debug|Any CPU
		Release|Any CPU = Release|Any CPU
	EndGlobalSection
	GlobalSection(ProjectConfigurationPlatforms) = postSolution
		{BEE1538D-3939-49D1-8264-631F17288151}.Debug|Any CPU.ActiveCfg = Debug|Any CPU
		{BEE1538D-3939-49D1-8264-631F17288151}.Debug|Any CPU.Build.0 = Debug|Any CPU
		{BEE1538D-3939-49D1-8264-631F17288151}.Release|Any CPU.ActiveCfg = Release|Any CPU
		{BEE1538D-3939-49D1-8264-631F17288151}.Release|Any CPU.Build.0 = Release|Any CPU
		{AC0DC7B5-9C22-4EA6-B3CA-55B065DF6A15}.Debug|Any CPU.ActiveCfg = Debug|Any CPU
		{AC0DC7B5-9C22-4EA6-B3CA-55B065DF6A15}.Debug|Any CPU.Build.0 = Debug|Any CPU
		{AC0DC7B5-9C22-4EA6-B3CA-55B065DF6A15}.Release|Any CPU.ActiveCfg = Release|Any CPU
		{AC0DC7B5-9C22-4EA6-B3CA-55B065DF6A15}.Release|Any CPU.Build.0 = Release|Any CPU
	EndGlobalSection
	GlobalSection(SolutionProperties) = preSolution
		HideSolutionNode = FALSE
	EndGlobalSection
	GlobalSection(ExtensibilityGlobals) = postSolution
		SolutionGuid = {CCFF88DB-3F43-4B52-8E45-8E6149D5CD24}
	EndGlobalSection
EndGlobal
